// !$*UTF8*$!
{
	archiveVersion = 1;
	classes = {
	};
	objectVersion = 50;
	objects = {

/* Begin PBXBuildFile section */
		1C30F204265B97AF2844F820 /* Pods_RMDY.framework in Frameworks */ = {isa = PBXBuildFile; fileRef = F1E9CA99EA9A86A3CDD46883 /* Pods_RMDY.framework */; };
		560337B9228E1C7300969382 /* AppDelegate.swift in Sources */ = {isa = PBXBuildFile; fileRef = 560337B8228E1C7300969382 /* AppDelegate.swift */; };
		560337C0228E1C7500969382 /* Assets.xcassets in Resources */ = {isa = PBXBuildFile; fileRef = 560337BF228E1C7500969382 /* Assets.xcassets */; };
		560337C3228E1C7500969382 /* LaunchScreen.storyboard in Resources */ = {isa = PBXBuildFile; fileRef = 560337C1228E1C7500969382 /* LaunchScreen.storyboard */; };
		560337CC228F3FDE00969382 /* LoginStoryboard.storyboard in Resources */ = {isa = PBXBuildFile; fileRef = 560337CB228F3FDE00969382 /* LoginStoryboard.storyboard */; };
		560337CE228F403D00969382 /* LoginViewController.swift in Sources */ = {isa = PBXBuildFile; fileRef = 560337CD228F403D00969382 /* LoginViewController.swift */; };
		560337D1228F78D900969382 /* SplashStoryboard.storyboard in Resources */ = {isa = PBXBuildFile; fileRef = 560337D0228F78D900969382 /* SplashStoryboard.storyboard */; };
		560337D3228F78F200969382 /* SplashViewController.swift in Sources */ = {isa = PBXBuildFile; fileRef = 560337D2228F78F200969382 /* SplashViewController.swift */; };
		560337D6228F804000969382 /* WebServices.swift in Sources */ = {isa = PBXBuildFile; fileRef = 560337D5228F804000969382 /* WebServices.swift */; };
		560337D8228F805600969382 /* RequestUtil.swift in Sources */ = {isa = PBXBuildFile; fileRef = 560337D7228F805600969382 /* RequestUtil.swift */; };
		560337DE228F820C00969382 /* UIUtils.swift in Sources */ = {isa = PBXBuildFile; fileRef = 560337DD228F820C00969382 /* UIUtils.swift */; };
		560337E0228F835100969382 /* LoginModel.swift in Sources */ = {isa = PBXBuildFile; fileRef = 560337DF228F835100969382 /* LoginModel.swift */; };
		560337E2228F862600969382 /* LoginResponse.swift in Sources */ = {isa = PBXBuildFile; fileRef = 560337E1228F862600969382 /* LoginResponse.swift */; };
		560337E4229018AA00969382 /* DayStepsModel.swift in Sources */ = {isa = PBXBuildFile; fileRef = 560337E3229018AA00969382 /* DayStepsModel.swift */; };
		560337E6229019AF00969382 /* StepsChartData.swift in Sources */ = {isa = PBXBuildFile; fileRef = 560337E5229019AF00969382 /* StepsChartData.swift */; };
		560337EA229039DA00969382 /* LoginManager.swift in Sources */ = {isa = PBXBuildFile; fileRef = 560337E9229039DA00969382 /* LoginManager.swift */; };
		560337EC22903FEA00969382 /* UserdefaultsUtil.swift in Sources */ = {isa = PBXBuildFile; fileRef = 560337EB22903FEA00969382 /* UserdefaultsUtil.swift */; };
		560337EF22904E4700969382 /* ChartViewController.swift in Sources */ = {isa = PBXBuildFile; fileRef = 560337EE22904E4700969382 /* ChartViewController.swift */; };
		560337F122904E6400969382 /* ChartStorybord.storyboard in Resources */ = {isa = PBXBuildFile; fileRef = 560337F022904E6400969382 /* ChartStorybord.storyboard */; };
/* End PBXBuildFile section */

/* Begin PBXFileReference section */
		23689A757616BFD670A738D4 /* Pods-RMDY.debug.xcconfig */ = {isa = PBXFileReference; includeInIndex = 1; lastKnownFileType = text.xcconfig; name = "Pods-RMDY.debug.xcconfig"; path = "Pods/Target Support Files/Pods-RMDY/Pods-RMDY.debug.xcconfig"; sourceTree = "<group>"; };
		560337B5228E1C7300969382 /* RMDY.app */ = {isa = PBXFileReference; explicitFileType = wrapper.application; includeInIndex = 0; path = RMDY.app; sourceTree = BUILT_PRODUCTS_DIR; };
		560337B8228E1C7300969382 /* AppDelegate.swift */ = {isa = PBXFileReference; lastKnownFileType = sourcecode.swift; path = AppDelegate.swift; sourceTree = "<group>"; };
		560337BF228E1C7500969382 /* Assets.xcassets */ = {isa = PBXFileReference; lastKnownFileType = folder.assetcatalog; path = Assets.xcassets; sourceTree = "<group>"; };
		560337C2228E1C7500969382 /* Base */ = {isa = PBXFileReference; lastKnownFileType = file.storyboard; name = Base; path = Base.lproj/LaunchScreen.storyboard; sourceTree = "<group>"; };
		560337C4228E1C7500969382 /* Info.plist */ = {isa = PBXFileReference; lastKnownFileType = text.plist.xml; path = Info.plist; sourceTree = "<group>"; };
		560337CB228F3FDE00969382 /* LoginStoryboard.storyboard */ = {isa = PBXFileReference; lastKnownFileType = file.storyboard; path = LoginStoryboard.storyboard; sourceTree = "<group>"; };
		560337CD228F403D00969382 /* LoginViewController.swift */ = {isa = PBXFileReference; lastKnownFileType = sourcecode.swift; path = LoginViewController.swift; sourceTree = "<group>"; };
		560337D0228F78D900969382 /* SplashStoryboard.storyboard */ = {isa = PBXFileReference; lastKnownFileType = file.storyboard; path = SplashStoryboard.storyboard; sourceTree = "<group>"; };
		560337D2228F78F200969382 /* SplashViewController.swift */ = {isa = PBXFileReference; lastKnownFileType = sourcecode.swift; path = SplashViewController.swift; sourceTree = "<group>"; };
		560337D5228F804000969382 /* WebServices.swift */ = {isa = PBXFileReference; lastKnownFileType = sourcecode.swift; path = WebServices.swift; sourceTree = "<group>"; };
		560337D7228F805600969382 /* RequestUtil.swift */ = {isa = PBXFileReference; lastKnownFileType = sourcecode.swift; path = RequestUtil.swift; sourceTree = "<group>"; };
		560337DD228F820C00969382 /* UIUtils.swift */ = {isa = PBXFileReference; lastKnownFileType = sourcecode.swift; path = UIUtils.swift; sourceTree = "<group>"; };
		560337DF228F835100969382 /* LoginModel.swift */ = {isa = PBXFileReference; lastKnownFileType = sourcecode.swift; path = LoginModel.swift; sourceTree = "<group>"; };
		560337E1228F862600969382 /* LoginResponse.swift */ = {isa = PBXFileReference; lastKnownFileType = sourcecode.swift; path = LoginResponse.swift; sourceTree = "<group>"; };
		560337E3229018AA00969382 /* DayStepsModel.swift */ = {isa = PBXFileReference; lastKnownFileType = sourcecode.swift; path = DayStepsModel.swift; sourceTree = "<group>"; };
		560337E5229019AF00969382 /* StepsChartData.swift */ = {isa = PBXFileReference; lastKnownFileType = sourcecode.swift; path = StepsChartData.swift; sourceTree = "<group>"; };
		560337E9229039DA00969382 /* LoginManager.swift */ = {isa = PBXFileReference; lastKnownFileType = sourcecode.swift; path = LoginManager.swift; sourceTree = "<group>"; };
		560337EB22903FEA00969382 /* UserdefaultsUtil.swift */ = {isa = PBXFileReference; lastKnownFileType = sourcecode.swift; path = UserdefaultsUtil.swift; sourceTree = "<group>"; };
		560337EE22904E4700969382 /* ChartViewController.swift */ = {isa = PBXFileReference; lastKnownFileType = sourcecode.swift; path = ChartViewController.swift; sourceTree = "<group>"; };
		560337F022904E6400969382 /* ChartStorybord.storyboard */ = {isa = PBXFileReference; lastKnownFileType = file.storyboard; path = ChartStorybord.storyboard; sourceTree = "<group>"; };
		A5EB922987E2B7D72056569D /* Pods-RMDY.release.xcconfig */ = {isa = PBXFileReference; includeInIndex = 1; lastKnownFileType = text.xcconfig; name = "Pods-RMDY.release.xcconfig"; path = "Pods/Target Support Files/Pods-RMDY/Pods-RMDY.release.xcconfig"; sourceTree = "<group>"; };
		F1E9CA99EA9A86A3CDD46883 /* Pods_RMDY.framework */ = {isa = PBXFileReference; explicitFileType = wrapper.framework; includeInIndex = 0; path = Pods_RMDY.framework; sourceTree = BUILT_PRODUCTS_DIR; };
/* End PBXFileReference section */

/* Begin PBXFrameworksBuildPhase section */
		560337B2228E1C7300969382 /* Frameworks */ = {
			isa = PBXFrameworksBuildPhase;
			buildActionMask = 2147483647;
			files = (
				1C30F204265B97AF2844F820 /* Pods_RMDY.framework in Frameworks */,
			);
			runOnlyForDeploymentPostprocessing = 0;
		};
/* End PBXFrameworksBuildPhase section */

/* Begin PBXGroup section */
		0E7772D00852FDF7329A18D7 /* Pods */ = {
			isa = PBXGroup;
			children = (
				23689A757616BFD670A738D4 /* Pods-RMDY.debug.xcconfig */,
				A5EB922987E2B7D72056569D /* Pods-RMDY.release.xcconfig */,
			);
			name = Pods;
			sourceTree = "<group>";
		};
		49C1E3CB82E903CAF7ECE015 /* Frameworks */ = {
			isa = PBXGroup;
			children = (
				F1E9CA99EA9A86A3CDD46883 /* Pods_RMDY.framework */,
			);
			name = Frameworks;
			sourceTree = "<group>";
		};
		560337AC228E1C7300969382 = {
			isa = PBXGroup;
			children = (
				560337B7228E1C7300969382 /* RMDY */,
				560337B6228E1C7300969382 /* Products */,
				0E7772D00852FDF7329A18D7 /* Pods */,
				49C1E3CB82E903CAF7ECE015 /* Frameworks */,
			);
			sourceTree = "<group>";
		};
		560337B6228E1C7300969382 /* Products */ = {
			isa = PBXGroup;
			children = (
				560337B5228E1C7300969382 /* RMDY.app */,
			);
			name = Products;
			sourceTree = "<group>";
		};
		560337B7228E1C7300969382 /* RMDY */ = {
			isa = PBXGroup;
			children = (
				560337ED22904E3300969382 /* ChartViewController */,
				560337E8229039B300969382 /* Managers */,
				560337DC228F81FA00969382 /* Utilities */,
				560337D9228F815500969382 /* Entities */,
				560337D4228F802E00969382 /* Connections */,
				560337CF228F78B200969382 /* SplashViewController */,
				560337CA228F3FBA00969382 /* LoginViewController */,
				560337B8228E1C7300969382 /* AppDelegate.swift */,
				560337BF228E1C7500969382 /* Assets.xcassets */,
				560337C1228E1C7500969382 /* LaunchScreen.storyboard */,
				560337C4228E1C7500969382 /* Info.plist */,
			);
			path = RMDY;
			sourceTree = "<group>";
		};
		560337CA228F3FBA00969382 /* LoginViewController */ = {
			isa = PBXGroup;
			children = (
				560337CB228F3FDE00969382 /* LoginStoryboard.storyboard */,
				560337CD228F403D00969382 /* LoginViewController.swift */,
			);
			path = LoginViewController;
			sourceTree = "<group>";
		};
		560337CF228F78B200969382 /* SplashViewController */ = {
			isa = PBXGroup;
			children = (
				560337D0228F78D900969382 /* SplashStoryboard.storyboard */,
				560337D2228F78F200969382 /* SplashViewController.swift */,
			);
			path = SplashViewController;
			sourceTree = "<group>";
		};
		560337D4228F802E00969382 /* Connections */ = {
			isa = PBXGroup;
			children = (
				560337D5228F804000969382 /* WebServices.swift */,
				560337D7228F805600969382 /* RequestUtil.swift */,
			);
			path = Connections;
			sourceTree = "<group>";
		};
		560337D9228F815500969382 /* Entities */ = {
			isa = PBXGroup;
			children = (
				560337DF228F835100969382 /* LoginModel.swift */,
				560337E1228F862600969382 /* LoginResponse.swift */,
				560337E3229018AA00969382 /* DayStepsModel.swift */,
				560337E5229019AF00969382 /* StepsChartData.swift */,
			);
			path = Entities;
			sourceTree = "<group>";
		};
		560337DC228F81FA00969382 /* Utilities */ = {
			isa = PBXGroup;
			children = (
				560337DD228F820C00969382 /* UIUtils.swift */,
				560337EB22903FEA00969382 /* UserdefaultsUtil.swift */,
			);
			path = Utilities;
			sourceTree = "<group>";
		};
		560337E8229039B300969382 /* Managers */ = {
			isa = PBXGroup;
			children = (
				560337E9229039DA00969382 /* LoginManager.swift */,
			);
			path = Managers;
			sourceTree = "<group>";
		};
		560337ED22904E3300969382 /* ChartViewController */ = {
			isa = PBXGroup;
			children = (
				560337EE22904E4700969382 /* ChartViewController.swift */,
				560337F022904E6400969382 /* ChartStorybord.storyboard */,
			);
			path = ChartViewController;
			sourceTree = "<group>";
		};
/* End PBXGroup section */

/* Begin PBXNativeTarget section */
		560337B4228E1C7300969382 /* RMDY */ = {
			isa = PBXNativeTarget;
			buildConfigurationList = 560337C7228E1C7500969382 /* Build configuration list for PBXNativeTarget "RMDY" */;
			buildPhases = (
				3A93DBB22E8D17F809621E81 /* [CP] Check Pods Manifest.lock */,
				560337B1228E1C7300969382 /* Sources */,
				560337B2228E1C7300969382 /* Frameworks */,
				560337B3228E1C7300969382 /* Resources */,
				8A09C763A81B45BBDC9F1F49 /* [CP] Embed Pods Frameworks */,
			);
			buildRules = (
			);
			dependencies = (
			);
			name = RMDY;
			productName = RMDY;
			productReference = 560337B5228E1C7300969382 /* RMDY.app */;
			productType = "com.apple.product-type.application";
		};
/* End PBXNativeTarget section */

/* Begin PBXProject section */
		560337AD228E1C7300969382 /* Project object */ = {
			isa = PBXProject;
			attributes = {
				LastSwiftUpdateCheck = 1020;
				LastUpgradeCheck = 1020;
				ORGANIZATIONNAME = "Qays Dwekat";
				TargetAttributes = {
					560337B4228E1C7300969382 = {
						CreatedOnToolsVersion = 10.2.1;
					};
				};
			};
			buildConfigurationList = 560337B0228E1C7300969382 /* Build configuration list for PBXProject "RMDY" */;
			compatibilityVersion = "Xcode 9.3";
			developmentRegion = en;
			hasScannedForEncodings = 0;
			knownRegions = (
				en,
				Base,
			);
			mainGroup = 560337AC228E1C7300969382;
			productRefGroup = 560337B6228E1C7300969382 /* Products */;
			projectDirPath = "";
			projectRoot = "";
			targets = (
				560337B4228E1C7300969382 /* RMDY */,
			);
		};
/* End PBXProject section */

/* Begin PBXResourcesBuildPhase section */
		560337B3228E1C7300969382 /* Resources */ = {
			isa = PBXResourcesBuildPhase;
			buildActionMask = 2147483647;
			files = (
				560337C3228E1C7500969382 /* LaunchScreen.storyboard in Resources */,
				560337CC228F3FDE00969382 /* LoginStoryboard.storyboard in Resources */,
				560337C0228E1C7500969382 /* Assets.xcassets in Resources */,
				560337F122904E6400969382 /* ChartStorybord.storyboard in Resources */,
				560337D1228F78D900969382 /* SplashStoryboard.storyboard in Resources */,
			);
			runOnlyForDeploymentPostprocessing = 0;
		};
/* End PBXResourcesBuildPhase section */

/* Begin PBXShellScriptBuildPhase section */
		3A93DBB22E8D17F809621E81 /* [CP] Check Pods Manifest.lock */ = {
			isa = PBXShellScriptBuildPhase;
			buildActionMask = 2147483647;
			files = (
			);
			inputFileListPaths = (
			);
			inputPaths = (
				"${PODS_PODFILE_DIR_PATH}/Podfile.lock",
				"${PODS_ROOT}/Manifest.lock",
			);
			name = "[CP] Check Pods Manifest.lock";
			outputFileListPaths = (
			);
			outputPaths = (
				"$(DERIVED_FILE_DIR)/Pods-RMDY-checkManifestLockResult.txt",
			);
			runOnlyForDeploymentPostprocessing = 0;
			shellPath = /bin/sh;
			shellScript = "diff \"${PODS_PODFILE_DIR_PATH}/Podfile.lock\" \"${PODS_ROOT}/Manifest.lock\" > /dev/null\nif [ $? != 0 ] ; then\n    # print error to STDERR\n    echo \"error: The sandbox is not in sync with the Podfile.lock. Run 'pod install' or update your CocoaPods installation.\" >&2\n    exit 1\nfi\n# This output is used by Xcode 'outputs' to avoid re-running this script phase.\necho \"SUCCESS\" > \"${SCRIPT_OUTPUT_FILE_0}\"\n";
			showEnvVarsInLog = 0;
		};
		8A09C763A81B45BBDC9F1F49 /* [CP] Embed Pods Frameworks */ = {
			isa = PBXShellScriptBuildPhase;
			buildActionMask = 2147483647;
			files = (
			);
			inputFileListPaths = (
			);
			inputPaths = (
				"${SRCROOT}/Pods/Target Support Files/Pods-RMDY/Pods-RMDY-frameworks.sh",
				"${BUILT_PRODUCTS_DIR}/ObjectMapper/ObjectMapper.framework",
				"${BUILT_PRODUCTS_DIR}/SwiftChart/SwiftChart.framework",
			);
			name = "[CP] Embed Pods Frameworks";
			outputFileListPaths = (
			);
			outputPaths = (
				"${TARGET_BUILD_DIR}/${FRAMEWORKS_FOLDER_PATH}/ObjectMapper.framework",
				"${TARGET_BUILD_DIR}/${FRAMEWORKS_FOLDER_PATH}/SwiftChart.framework",
			);
			runOnlyForDeploymentPostprocessing = 0;
			shellPath = /bin/sh;
			shellScript = "\"${SRCROOT}/Pods/Target Support Files/Pods-RMDY/Pods-RMDY-frameworks.sh\"\n";
			showEnvVarsInLog = 0;
		};
/* End PBXShellScriptBuildPhase section */

/* Begin PBXSourcesBuildPhase section */
		560337B1228E1C7300969382 /* Sources */ = {
			isa = PBXSourcesBuildPhase;
			buildActionMask = 2147483647;
			files = (
				560337CE228F403D00969382 /* LoginViewController.swift in Sources */,
				560337E4229018AA00969382 /* DayStepsModel.swift in Sources */,
				560337EC22903FEA00969382 /* UserdefaultsUtil.swift in Sources */,
				560337E0228F835100969382 /* LoginModel.swift in Sources */,
				560337EF22904E4700969382 /* ChartViewController.swift in Sources */,
				560337B9228E1C7300969382 /* AppDelegate.swift in Sources */,
				560337D8228F805600969382 /* RequestUtil.swift in Sources */,
				560337DE228F820C00969382 /* UIUtils.swift in Sources */,
				560337D6228F804000969382 /* WebServices.swift in Sources */,
				560337EA229039DA00969382 /* LoginManager.swift in Sources */,
				560337E2228F862600969382 /* LoginResponse.swift in Sources */,
				560337E6229019AF00969382 /* StepsChartData.swift in Sources */,
				560337D3228F78F200969382 /* SplashViewController.swift in Sources */,
			);
			runOnlyForDeploymentPostprocessing = 0;
		};
/* End PBXSourcesBuildPhase section */

/* Begin PBXVariantGroup section */
		560337C1228E1C7500969382 /* LaunchScreen.storyboard */ = {
			isa = PBXVariantGroup;
			children = (
				560337C2228E1C7500969382 /* Base */,
			);
			name = LaunchScreen.storyboard;
			sourceTree = "<group>";
		};
/* End PBXVariantGroup section */

/* Begin XCBuildConfiguration section */
		560337C5228E1C7500969382 /* Debug */ = {
			isa = XCBuildConfiguration;
			buildSettings = {
				ALWAYS_SEARCH_USER_PATHS = NO;
				CLANG_ANALYZER_NONNULL = YES;
				CLANG_ANALYZER_NUMBER_OBJECT_CONVERSION = YES_AGGRESSIVE;
				CLANG_CXX_LANGUAGE_STANDARD = "gnu++14";
				CLANG_CXX_LIBRARY = "libc++";
				CLANG_ENABLE_MODULES = YES;
				CLANG_ENABLE_OBJC_ARC = YES;
				CLANG_ENABLE_OBJC_WEAK = YES;
				CLANG_WARN_BLOCK_CAPTURE_AUTORELEASING = YES;
				CLANG_WARN_BOOL_CONVERSION = YES;
				CLANG_WARN_COMMA = YES;
				CLANG_WARN_CONSTANT_CONVERSION = YES;
				CLANG_WARN_DEPRECATED_OBJC_IMPLEMENTATIONS = YES;
				CLANG_WARN_DIRECT_OBJC_ISA_USAGE = YES_ERROR;
				CLANG_WARN_DOCUMENTATION_COMMENTS = YES;
				CLANG_WARN_EMPTY_BODY = YES;
				CLANG_WARN_ENUM_CONVERSION = YES;
				CLANG_WARN_INFINITE_RECURSION = YES;
				CLANG_WARN_INT_CONVERSION = YES;
				CLANG_WARN_NON_LITERAL_NULL_CONVERSION = YES;
				CLANG_WARN_OBJC_IMPLICIT_RETAIN_SELF = YES;
				CLANG_WARN_OBJC_LITERAL_CONVERSION = YES;
				CLANG_WARN_OBJC_ROOT_CLASS = YES_ERROR;
				CLANG_WARN_RANGE_LOOP_ANALYSIS = YES;
				CLANG_WARN_STRICT_PROTOTYPES = YES;
				CLANG_WARN_SUSPICIOUS_MOVE = YES;
				CLANG_WARN_UNGUARDED_AVAILABILITY = YES_AGGRESSIVE;
				CLANG_WARN_UNREACHABLE_CODE = YES;
				CLANG_WARN__DUPLICATE_METHOD_MATCH = YES;
				CODE_SIGN_IDENTITY = "iPhone Developer";
				COPY_PHASE_STRIP = NO;
				DEBUG_INFORMATION_FORMAT = dwarf;
				ENABLE_STRICT_OBJC_MSGSEND = YES;
				ENABLE_TESTABILITY = YES;
				GCC_C_LANGUAGE_STANDARD = gnu11;
				GCC_DYNAMIC_NO_PIC = NO;
				GCC_NO_COMMON_BLOCKS = YES;
				GCC_OPTIMIZATION_LEVEL = 0;
				GCC_PREPROCESSOR_DEFINITIONS = (
					"DEBUG=1",
					"$(inherited)",
				);
				GCC_WARN_64_TO_32_BIT_CONVERSION = YES;
				GCC_WARN_ABOUT_RETURN_TYPE = YES_ERROR;
				GCC_WARN_UNDECLARED_SELECTOR = YES;
				GCC_WARN_UNINITIALIZED_AUTOS = YES_AGGRESSIVE;
				GCC_WARN_UNUSED_FUNCTION = YES;
				GCC_WARN_UNUSED_VARIABLE = YES;
				IPHONEOS_DEPLOYMENT_TARGET = 12.2;
				MTL_ENABLE_DEBUG_INFO = INCLUDE_SOURCE;
				MTL_FAST_MATH = YES;
				ONLY_ACTIVE_ARCH = YES;
				SDKROOT = iphoneos;
				SWIFT_ACTIVE_COMPILATION_CONDITIONS = DEBUG;
				SWIFT_OPTIMIZATION_LEVEL = "-Onone";
			};
			name = Debug;
		};
		560337C6228E1C7500969382 /* Release */ = {
			isa = XCBuildConfiguration;
			buildSettings = {
				ALWAYS_SEARCH_USER_PATHS = NO;
				CLANG_ANALYZER_NONNULL = YES;
				CLANG_ANALYZER_NUMBER_OBJECT_CONVERSION = YES_AGGRESSIVE;
				CLANG_CXX_LANGUAGE_STANDARD = "gnu++14";
				CLANG_CXX_LIBRARY = "libc++";
				CLANG_ENABLE_MODULES = YES;
				CLANG_ENABLE_OBJC_ARC = YES;
				CLANG_ENABLE_OBJC_WEAK = YES;
				CLANG_WARN_BLOCK_CAPTURE_AUTORELEASING = YES;
				CLANG_WARN_BOOL_CONVERSION = YES;
				CLANG_WARN_COMMA = YES;
				CLANG_WARN_CONSTANT_CONVERSION = YES;
				CLANG_WARN_DEPRECATED_OBJC_IMPLEMENTATIONS = YES;
				CLANG_WARN_DIRECT_OBJC_ISA_USAGE = YES_ERROR;
				CLANG_WARN_DOCUMENTATION_COMMENTS = YES;
				CLANG_WARN_EMPTY_BODY = YES;
				CLANG_WARN_ENUM_CONVERSION = YES;
				CLANG_WARN_INFINITE_RECURSION = YES;
				CLANG_WARN_INT_CONVERSION = YES;
				CLANG_WARN_NON_LITERAL_NULL_CONVERSION = YES;
				CLANG_WARN_OBJC_IMPLICIT_RETAIN_SELF = YES;
				CLANG_WARN_OBJC_LITERAL_CONVERSION = YES;
				CLANG_WARN_OBJC_ROOT_CLASS = YES_ERROR;
				CLANG_WARN_RANGE_LOOP_ANALYSIS = YES;
				CLANG_WARN_STRICT_PROTOTYPES = YES;
				CLANG_WARN_SUSPICIOUS_MOVE = YES;
				CLANG_WARN_UNGUARDED_AVAILABILITY = YES_AGGRESSIVE;
				CLANG_WARN_UNREACHABLE_CODE = YES;
				CLANG_WARN__DUPLICATE_METHOD_MATCH = YES;
				CODE_SIGN_IDENTITY = "iPhone Developer";
				COPY_PHASE_STRIP = NO;
				DEBUG_INFORMATION_FORMAT = "dwarf-with-dsym";
				ENABLE_NS_ASSERTIONS = NO;
				ENABLE_STRICT_OBJC_MSGSEND = YES;
				GCC_C_LANGUAGE_STANDARD = gnu11;
				GCC_NO_COMMON_BLOCKS = YES;
				GCC_WARN_64_TO_32_BIT_CONVERSION = YES;
				GCC_WARN_ABOUT_RETURN_TYPE = YES_ERROR;
				GCC_WARN_UNDECLARED_SELECTOR = YES;
				GCC_WARN_UNINITIALIZED_AUTOS = YES_AGGRESSIVE;
				GCC_WARN_UNUSED_FUNCTION = YES;
				GCC_WARN_UNUSED_VARIABLE = YES;
				IPHONEOS_DEPLOYMENT_TARGET = 12.2;
				MTL_ENABLE_DEBUG_INFO = NO;
				MTL_FAST_MATH = YES;
				SDKROOT = iphoneos;
				SWIFT_COMPILATION_MODE = wholemodule;
				SWIFT_OPTIMIZATION_LEVEL = "-O";
				VALIDATE_PRODUCT = YES;
			};
			name = Release;
		};
		560337C8228E1C7500969382 /* Debug */ = {
			isa = XCBuildConfiguration;
			baseConfigurationReference = 23689A757616BFD670A738D4 /* Pods-RMDY.debug.xcconfig */;
			buildSettings = {
				ASSETCATALOG_COMPILER_APPICON_NAME = AppIcon;
				CODE_SIGN_STYLE = Automatic;
				INFOPLIST_FILE = RMDY/Info.plist;
				LD_RUNPATH_SEARCH_PATHS = (
					"$(inherited)",
					"@executable_path/Frameworks",
				);
				PRODUCT_BUNDLE_IDENTIFIER = com.rmdy.RMDY;
				PRODUCT_NAME = "$(TARGET_NAME)";
				SWIFT_VERSION = 5.0;
				TARGETED_DEVICE_FAMILY = "1,2";
			};
			name = Debug;
		};
		560337C9228E1C7500969382 /* Release */ = {
			isa = XCBuildConfiguration;
			baseConfigurationReference = A5EB922987E2B7D72056569D /* Pods-RMDY.release.xcconfig */;
			buildSettings = {
				ASSETCATALOG_COMPILER_APPICON_NAME = AppIcon;
				CODE_SIGN_STYLE = Automatic;
				INFOPLIST_FILE = RMDY/Info.plist;
				LD_RUNPATH_SEARCH_PATHS = (
					"$(inherited)",
					"@executable_path/Frameworks",
				);
				PRODUCT_BUNDLE_IDENTIFIER = com.rmdy.RMDY;
				PRODUCT_NAME = "$(TARGET_NAME)";
				SWIFT_VERSION = 5.0;
				TARGETED_DEVICE_FAMILY = "1,2";
			};
			name = Release;
		};
/* End XCBuildConfiguration section */

/* Begin XCConfigurationList section */
		560337B0228E1C7300969382 /* Build configuration list for PBXProject "RMDY" */ = {
			isa = XCConfigurationList;
			buildConfigurations = (
				560337C5228E1C7500969382 /* Debug */,
				560337C6228E1C7500969382 /* Release */,
			);
			defaultConfigurationIsVisible = 0;
			defaultConfigurationName = Release;
		};
		560337C7228E1C7500969382 /* Build configuration list for PBXNativeTarget "RMDY" */ = {
			isa = XCConfigurationList;
			buildConfigurations = (
				560337C8228E1C7500969382 /* Debug */,
				560337C9228E1C7500969382 /* Release */,
			);
			defaultConfigurationIsVisible = 0;
			defaultConfigurationName = Release;
		};
/* End XCConfigurationList section */
	};
	rootObject = 560337AD228E1C7300969382 /* Project object */;
}
